
Microsoft Visual Studio Solution File, Format Version 12.00
# Visual Studio Version 16
VisualStudioVersion = 16.0.32802.440
MinimumVisualStudioVersion = 10.0.40219.1
Project("{8BC9CEB8-8B4A-11D0-8D11-00A0C91BC942}") = "ChapterOne", "ChapterOne.vcxproj", "{AB00746D-08C0-49E4-A0E2-A20966F97412}"
EndProject
Global
	GlobalSection(SolutionConfigurationPlatforms) = preSolution
		Debug|x64 = Debug|x64
		Debug|x86 = Debug|x86
		Release|x64 = Release|x64
		Release|x86 = Release|x86
	EndGlobalSection
	GlobalSection(ProjectConfigurationPlatforms) = postSolution
		{AB00746D-08C0-49E4-A0E2-A20966F97412}.Debug|x64.ActiveCfg = Debug|x64
		{AB00746D-08C0-49E4-A0E2-A20966F97412}.Debug|x64.Build.0 = Debug|x64
		{AB00746D-08C0-49E4-A0E2-A20966F97412}.Debug|x86.ActiveCfg = Debug|Win32
		{AB00746D-08C0-49E4-A0E2-A20966F97412}.Debug|x86.Build.0 = Debug|Win32
		{AB00746D-08C0-49E4-A0E2-A20966F97412}.Release|x64.ActiveCfg = Release|x64
		{AB00746D-08C0-49E4-A0E2-A20966F97412}.Release|x64.Build.0 = Release|x64
		{AB00746D-08C0-49E4-A0E2-A20966F97412}.Release|x86.ActiveCfg = Release|Win32
		{AB00746D-08C0-49E4-A0E2-A20966F97412}.Release|x86.Build.0 = Release|Win32
	EndGlobalSection
	GlobalSection(SolutionProperties) = preSolution
		HideSolutionNode = FALSE
	EndGlobalSection
	GlobalSection(ExtensibilityGlobals) = postSolution
		SolutionGuid = {12538535-737D-4485-A861-9588CDF738DF}
	EndGlobalSection
EndGlobal
